
Microsoft Visual Studio Solution File, Format Version 12.00
# Visual Studio Version 17
VisualStudioVersion = 17.9.34714.143
MinimumVisualStudioVersion = 10.0.40219.1
Project("{FAE04EC0-301F-11D3-BF4B-00C04F79EFBC}") = "BetereDeLijn-Mobile", "BetereDeLijn-Mobile\BetereDeLijn-Mobile.csproj", "{54E0C32A-7578-4CB7-930F-115F47CEA2B8}"
EndProject
Global
	GlobalSection(SolutionConfigurationPlatforms) = preSolution
		Debug|Any CPU = Debug|Any CPU
		Release|Any CPU = Release|Any CPU
	EndGlobalSection
	GlobalSection(ProjectConfigurationPlatforms) = postSolution
		{54E0C32A-7578-4CB7-930F-115F47CEA2B8}.Debug|Any CPU.ActiveCfg = Debug|Any CPU
		{54E0C32A-7578-4CB7-930F-115F47CEA2B8}.Debug|Any CPU.Build.0 = Debug|Any CPU
		{54E0C32A-7578-4CB7-930F-115F47CEA2B8}.Debug|Any CPU.Deploy.0 = Debug|Any CPU
		{54E0C32A-7578-4CB7-930F-115F47CEA2B8}.Release|Any CPU.ActiveCfg = Release|Any CPU
		{54E0C32A-7578-4CB7-930F-115F47CEA2B8}.Release|Any CPU.Build.0 = Release|Any CPU
		{54E0C32A-7578-4CB7-930F-115F47CEA2B8}.Release|Any CPU.Deploy.0 = Release|Any CPU
	EndGlobalSection
	GlobalSection(SolutionProperties) = preSolution
		HideSolutionNode = FALSE
	EndGlobalSection
	GlobalSection(ExtensibilityGlobals) = postSolution
		SolutionGuid = {8ADD890C-B61D-4BCE-9803-CFBB7E163594}
	EndGlobalSection
EndGlobal
